{
  "name": "@2025-personal-portfolio/common",
  "version": "1.0.0",
  "lockfileVersion": 3,
  "requires": true,
  "packages": {
    "": {
      "name": "@2025-personal-portfolio/common",
      "version": "1.0.0",
      "license": "ISC",
      "dependencies": {
        "@types/react": "^19.1.8",
        "barrelsby": "^2.8.1",
        "dayjs": "^1.11.13",
        "fs": "0.0.1-security",
        "handlebars": "^4.7.8",
        "ismobilejs": "^1.1.1",
        "lodash.debounce": "^4.0.8",
        "lodash.get": "^4.4.2",
        "lodash.isequal": "^4.5.0",
        "lodash.isequalwith": "^4.4.0",
        "lodash.sortby": "^4.7.0",
        "lodash.startcase": "^4.4.0",
        "path": "^0.12.7",
        "react": "^19.1.0",
        "uuid": "^11.1.0"
      },
      "devDependencies": {
        "@types/lodash": "^4.17.20",
        "@types/lodash.debounce": "^4.0.9",
        "@types/lodash.get": "^4.4.9",
        "@types/lodash.isequal": "^4.5.8",
        "@types/lodash.sortby": "^4.7.9",
        "@types/lodash.startcase": "^4.4.9",
        "@types/node": "^24.2.1"
      }
    },
    "../../node_modules/.pnpm/barrelsby@2.8.1/node_modules/barrelsby": {
      "version": "2.8.1",
      "license": "MIT",
      "dependencies": {
        "@types/yargs": "^17.0.10",
        "signale": "^1.4.0",
        "yargs": "^17.4.1"
      },
      "bin": {
        "barrelsby": "bin/cli.js"
      },
      "devDependencies": {
        "@types/fs-extra": "^11.0.1",
        "@types/jest": "^27.0.2",
        "@types/mock-fs": "^4.13.1",
        "@types/node": "^18.0.0",
        "@types/rimraf": "^3.0.2",
        "@types/signale": "^1.4.2",
        "@types/sinon": "^10.0.6",
        "better-console": "^1.0.1",
        "dir-compare": "^4.0.0",
        "fs-extra": "^11.1.1",
        "jest": "^27.4.4",
        "mock-fs": "^5.1.2",
        "prettier": "^3.0.2",
        "rimraf": "^3.0.2",
        "sinon": "^15.0.1",
        "snyk": "^1.858.0",
        "ts-jest": "^27.1.4",
        "ts-node": "^10.7.0",
        "tslint": "^6.1.3",
        "tslint-config-prettier": "^1.18.0",
        "typescript": "^4.5.3"
      },
      "engines": {
        "node": ">=6.0.0"
      }
    },
    "../../node_modules/.pnpm/fs@0.0.1-security/node_modules/fs": {
      "version": "0.0.1-security",
      "license": "ISC"
    },
    "../../node_modules/.pnpm/handlebars@4.7.8/node_modules/handlebars": {
      "version": "4.7.8",
      "license": "MIT",
      "dependencies": {
        "minimist": "^1.2.5",
        "neo-async": "^2.6.2",
        "source-map": "^0.6.1",
        "wordwrap": "^1.0.0"
      },
      "bin": {
        "handlebars": "bin/handlebars"
      },
      "devDependencies": {
        "@playwright/test": "^1.17.1",
        "aws-sdk": "^2.1.49",
        "babel-loader": "^5.0.0",
        "babel-runtime": "^5.1.10",
        "benchmark": "~1.0",
        "chai": "^4.2.0",
        "chai-diff": "^1.0.1",
        "concurrently": "^5.0.0",
        "dirty-chai": "^2.0.1",
        "dtslint": "^0.5.5",
        "dustjs-linkedin": "^2.0.2",
        "eco": "~1.1.0-rc-3",
        "eslint": "^6.7.2",
        "eslint-config-prettier": "^6.7.0",
        "eslint-plugin-compat": "^3.13.0",
        "eslint-plugin-es5": "^1.4.1",
        "fs-extra": "^8.1.0",
        "grunt": "^1.0.4",
        "grunt-babel": "^5.0.0",
        "grunt-cli": "^1",
        "grunt-contrib-clean": "^1",
        "grunt-contrib-concat": "^1",
        "grunt-contrib-connect": "^1",
        "grunt-contrib-copy": "^1",
        "grunt-contrib-requirejs": "^1",
        "grunt-contrib-uglify": "^1",
        "grunt-contrib-watch": "^1.1.0",
        "grunt-shell": "^4.0.0",
        "grunt-webpack": "^1.0.8",
        "husky": "^3.1.0",
        "jison": "~0.3.0",
        "lint-staged": "^9.5.0",
        "mocha": "^5",
        "mock-stdin": "^0.3.0",
        "mustache": "^2.1.3",
        "nyc": "^14.1.1",
        "prettier": "^1.19.1",
        "semver": "^5.0.1",
        "sinon": "^7.5.0",
        "typescript": "^3.4.3",
        "underscore": "^1.5.1",
        "webpack": "^1.12.6",
        "webpack-dev-server": "^1.12.1"
      },
      "engines": {
        "node": ">=0.4.7"
      },
      "optionalDependencies": {
        "uglify-js": "^3.1.4"
      }
    },
    "../../node_modules/.pnpm/lodash.get@4.4.2/node_modules/lodash.get": {
      "version": "4.4.2",
      "license": "MIT"
    },
    "../../node_modules/.pnpm/lodash@4.17.21/node_modules/lodash": {
      "version": "4.17.21",
      "extraneous": true,
      "license": "MIT"
    },
    "../../node_modules/.pnpm/path@0.12.7/node_modules/path": {
      "version": "0.12.7",
      "license": "MIT",
      "dependencies": {
        "process": "^0.11.1",
        "util": "^0.10.3"
      }
    },
    "../../node_modules/.pnpm/uuid@11.1.0/node_modules/uuid": {
      "version": "11.1.0",
      "funding": [
        "https://github.com/sponsors/broofa",
        "https://github.com/sponsors/ctavan"
      ],
      "license": "MIT",
      "bin": {
        "uuid": "dist/esm/bin/uuid"
      },
      "devDependencies": {
        "@babel/eslint-parser": "7.25.9",
        "@commitlint/cli": "19.6.1",
        "@commitlint/config-conventional": "19.6.0",
        "@eslint/js": "9.17.0",
        "@types/eslint__js": "8.42.3",
        "bundlewatch": "0.4.0",
        "commander": "12.1.0",
        "eslint": "9.17.0",
        "eslint-config-prettier": "9.1.0",
        "eslint-plugin-prettier": "5.2.1",
        "globals": "15.14.0",
        "husky": "9.1.7",
        "jest": "29.7.0",
        "lint-staged": "15.2.11",
        "neostandard": "0.12.0",
        "npm-run-all": "4.1.5",
        "prettier": "3.4.2",
        "release-please": "16.15.0",
        "runmd": "1.4.1",
        "standard-version": "9.5.0",
        "typescript": "5.0.4",
        "typescript-eslint": "8.18.2"
      }
    },
    "node_modules/@types/lodash": {
      "version": "4.17.20",
      "resolved": "https://registry.npmjs.org/@types/lodash/-/lodash-4.17.20.tgz",
      "integrity": "sha512-H3MHACvFUEiujabxhaI/ImO6gUrd8oOurg7LQtS7mbwIXA/cUqWrvBsaeJ23aZEPk1TAYkurjfMbSELfoCXlGA==",
      "dev": true,
      "license": "MIT"
    },
    "node_modules/@types/lodash.debounce": {
      "version": "4.0.9",
      "resolved": "https://registry.npmjs.org/@types/lodash.debounce/-/lodash.debounce-4.0.9.tgz",
      "integrity": "sha512-Ma5JcgTREwpLRwMM+XwBR7DaWe96nC38uCBDFKZWbNKD+osjVzdpnUSwBcqCptrp16sSOLBAUb50Car5I0TCsQ==",
      "dev": true,
      "license": "MIT",
      "dependencies": {
        "@types/lodash": "*"
      }
    },
    "node_modules/@types/lodash.get": {
      "version": "4.4.9",
      "resolved": "https://registry.npmjs.org/@types/lodash.get/-/lodash.get-4.4.9.tgz",
      "integrity": "sha512-J5dvW98sxmGnamqf+/aLP87PYXyrha9xIgc2ZlHl6OHMFR2Ejdxep50QfU0abO1+CH6+ugx+8wEUN1toImAinA==",
      "dev": true,
      "license": "MIT",
      "dependencies": {
        "@types/lodash": "*"
      }
    },
    "node_modules/@types/lodash.isequal": {
      "version": "4.5.8",
      "resolved": "https://registry.npmjs.org/@types/lodash.isequal/-/lodash.isequal-4.5.8.tgz",
      "integrity": "sha512-uput6pg4E/tj2LGxCZo9+y27JNyB2OZuuI/T5F+ylVDYuqICLG2/ktjxx0v6GvVntAf8TvEzeQLcV0ffRirXuA==",
      "dev": true,
      "license": "MIT",
      "dependencies": {
        "@types/lodash": "*"
      }
    },
    "node_modules/@types/lodash.sortby": {
      "version": "4.7.9",
      "resolved": "https://registry.npmjs.org/@types/lodash.sortby/-/lodash.sortby-4.7.9.tgz",
      "integrity": "sha512-PDmjHnOlndLS59GofH0pnxIs+n9i4CWeXGErSB5JyNFHu2cmvW6mQOaUKjG8EDPkni14IgF8NsRW8bKvFzTm9A==",
      "dev": true,
      "license": "MIT",
      "dependencies": {
        "@types/lodash": "*"
      }
    },
    "node_modules/@types/lodash.startcase": {
      "version": "4.4.9",
      "resolved": "https://registry.npmjs.org/@types/lodash.startcase/-/lodash.startcase-4.4.9.tgz",
      "integrity": "sha512-C0M4DlN1pnn2vEEhLHkTHxiRZ+3GlTegpoAEHHGXnuJkSOXyJMHGiSc+SLRzBlFZWHsBkixe6FqvEAEU04g14g==",
      "dev": true,
      "license": "MIT",
      "dependencies": {
        "@types/lodash": "*"
      }
    },
    "node_modules/@types/node": {
      "version": "24.2.1",
      "resolved": "https://registry.npmjs.org/@types/node/-/node-24.2.1.tgz",
      "integrity": "sha512-DRh5K+ka5eJic8CjH7td8QpYEV6Zo10gfRkjHCO3weqZHWDtAaSTFtl4+VMqOJ4N5jcuhZ9/l+yy8rVgw7BQeQ==",
      "dev": true,
      "license": "MIT",
      "dependencies": {
        "undici-types": "~7.10.0"
      }
    },
    "node_modules/@types/react": {
      "version": "19.1.9",
      "resolved": "https://registry.npmjs.org/@types/react/-/react-19.1.9.tgz",
      "integrity": "sha512-WmdoynAX8Stew/36uTSVMcLJJ1KRh6L3IZRx1PZ7qJtBqT3dYTgyDTx8H1qoRghErydW7xw9mSJ3wS//tCRpFA==",
      "license": "MIT",
      "dependencies": {
        "csstype": "^3.0.2"
      }
    },
    "node_modules/barrelsby": {
      "resolved": "../../node_modules/.pnpm/barrelsby@2.8.1/node_modules/barrelsby",
      "link": true
    },
    "node_modules/csstype": {
      "version": "3.1.3",
      "resolved": "https://registry.npmjs.org/csstype/-/csstype-3.1.3.tgz",
      "integrity": "sha512-M1uQkMl8rQK/szD0LNhtqxIPLpimGm8sOBwU7lLnCpSbTyY3yeU1Vc7l4KT5zT4s/yOxHH5O7tIuuLOCnLADRw==",
      "license": "MIT"
    },
    "node_modules/dayjs": {
      "version": "1.11.13",
      "resolved": "https://registry.npmjs.org/dayjs/-/dayjs-1.11.13.tgz",
      "integrity": "sha512-oaMBel6gjolK862uaPQOVTA7q3TZhuSvuMQAAglQDOWYO9A91IrAOUJEyKVlqJlHE0vq5p5UXxzdPfMH/x6xNg==",
      "license": "MIT"
    },
    "node_modules/fs": {
      "resolved": "../../node_modules/.pnpm/fs@0.0.1-security/node_modules/fs",
      "link": true
    },
    "node_modules/handlebars": {
      "resolved": "../../node_modules/.pnpm/handlebars@4.7.8/node_modules/handlebars",
      "link": true
    },
    "node_modules/ismobilejs": {
      "version": "1.1.1",
      "resolved": "https://registry.npmjs.org/ismobilejs/-/ismobilejs-1.1.1.tgz",
      "integrity": "sha512-VaFW53yt8QO61k2WJui0dHf4SlL8lxBofUuUmwBo0ljPk0Drz2TiuDW4jo3wDcv41qy/SxrJ+VAzJ/qYqsmzRw==",
      "license": "MIT"
    },
    "node_modules/lodash.debounce": {
      "version": "4.0.8",
      "resolved": "https://registry.npmjs.org/lodash.debounce/-/lodash.debounce-4.0.8.tgz",
      "integrity": "sha512-FT1yDzDYEoYWhnSGnpE/4Kj1fLZkDFyqRb7fNt6FdYOSxlUWAtp42Eh6Wb0rGIv/m9Bgo7x4GhQbm5Ys4SG5ow==",
      "license": "MIT"
    },
    "node_modules/lodash.get": {
      "resolved": "../../node_modules/.pnpm/lodash.get@4.4.2/node_modules/lodash.get",
      "link": true
    },
    "node_modules/lodash.isequal": {
      "version": "4.5.0",
      "resolved": "https://registry.npmjs.org/lodash.isequal/-/lodash.isequal-4.5.0.tgz",
      "integrity": "sha512-pDo3lu8Jhfjqls6GkMgpahsF9kCyayhgykjyLMNFTKWrpVdAQtYyB4muAMWozBB4ig/dtWAmsMxLEI8wuz+DYQ==",
      "deprecated": "This package is deprecated. Use require('node:util').isDeepStrictEqual instead.",
      "license": "MIT"
    },
    "node_modules/lodash.isequalwith": {
      "version": "4.4.0",
      "resolved": "https://registry.npmjs.org/lodash.isequalwith/-/lodash.isequalwith-4.4.0.tgz",
      "integrity": "sha512-dcZON0IalGBpRmJBmMkaoV7d3I80R2O+FrzsZyHdNSFrANq/cgDqKQNmAHE8UEj4+QYWwwhkQOVdLHiAopzlsQ==",
      "license": "MIT"
    },
    "node_modules/lodash.sortby": {
      "version": "4.7.0",
      "resolved": "https://registry.npmjs.org/lodash.sortby/-/lodash.sortby-4.7.0.tgz",
      "integrity": "sha512-HDWXG8isMntAyRF5vZ7xKuEvOhT4AhlRt/3czTSjvGUxjYCBVRQY48ViDHyfYz9VIoBkW4TMGQNapx+l3RUwdA==",
      "license": "MIT"
    },
    "node_modules/lodash.startcase": {
      "version": "4.4.0",
      "resolved": "https://registry.npmjs.org/lodash.startcase/-/lodash.startcase-4.4.0.tgz",
      "integrity": "sha512-+WKqsK294HMSc2jEbNgpHpd0JfIBhp7rEV4aqXWqFr6AlXov+SlcgB1Fv01y2kGe3Gc8nMW7VA0SrGuSkRfIEg==",
      "license": "MIT"
    },
    "node_modules/path": {
      "resolved": "../../node_modules/.pnpm/path@0.12.7/node_modules/path",
      "link": true
    },
    "node_modules/react": {
      "version": "19.1.1",
      "resolved": "https://registry.npmjs.org/react/-/react-19.1.1.tgz",
      "integrity": "sha512-w8nqGImo45dmMIfljjMwOGtbmC/mk4CMYhWIicdSflH91J9TyCyczcPFXJzrZ/ZXcgGRFeP6BU0BEJTw6tZdfQ==",
      "license": "MIT",
      "engines": {
        "node": ">=0.10.0"
      }
    },
    "node_modules/undici-types": {
      "version": "7.10.0",
      "resolved": "https://registry.npmjs.org/undici-types/-/undici-types-7.10.0.tgz",
      "integrity": "sha512-t5Fy/nfn+14LuOc2KNYg75vZqClpAiqscVvMygNnlsHBFpSXdJaYtXMcdNLpl/Qvc3P2cB3s6lOV51nqsFq4ag==",
      "dev": true,
      "license": "MIT"
    },
    "node_modules/uuid": {
      "resolved": "../../node_modules/.pnpm/uuid@11.1.0/node_modules/uuid",
      "link": true
    }
  }
}
